
Microsoft Visual Studio Solution File, Format Version 12.00
# Visual Studio 15
VisualStudioVersion = 15.0.28307.902
MinimumVisualStudioVersion = 10.0.40219.1
Project("{FAE04EC0-301F-11D3-BF4B-00C04F79EFBC}") = "ScriptLangConsole", "ScriptLangConsole\ScriptLangConsole.csproj", "{0E3DA0B0-890A-401F-8048-45C7CF2F0DF7}"
EndProject
Project("{FAE04EC0-301F-11D3-BF4B-00C04F79EFBC}") = "LangScriptCompilateur", "LangScriptCompilateur\LangScriptCompilateur.csproj", "{F241B2F5-440C-48C9-B6BF-435AE4BBA0A5}"
EndProject
Global
	GlobalSection(SolutionConfigurationPlatforms) = preSolution
		Debug|Any CPU = Debug|Any CPU
		Release|Any CPU = Release|Any CPU
	EndGlobalSection
	GlobalSection(ProjectConfigurationPlatforms) = postSolution
		{0E3DA0B0-890A-401F-8048-45C7CF2F0DF7}.Debug|Any CPU.ActiveCfg = Debug|Any CPU
		{0E3DA0B0-890A-401F-8048-45C7CF2F0DF7}.Debug|Any CPU.Build.0 = Debug|Any CPU
		{0E3DA0B0-890A-401F-8048-45C7CF2F0DF7}.Release|Any CPU.ActiveCfg = Release|Any CPU
		{0E3DA0B0-890A-401F-8048-45C7CF2F0DF7}.Release|Any CPU.Build.0 = Release|Any CPU
		{F241B2F5-440C-48C9-B6BF-435AE4BBA0A5}.Debug|Any CPU.ActiveCfg = Debug|Any CPU
		{F241B2F5-440C-48C9-B6BF-435AE4BBA0A5}.Debug|Any CPU.Build.0 = Debug|Any CPU
		{F241B2F5-440C-48C9-B6BF-435AE4BBA0A5}.Release|Any CPU.ActiveCfg = Release|Any CPU
		{F241B2F5-440C-48C9-B6BF-435AE4BBA0A5}.Release|Any CPU.Build.0 = Release|Any CPU
	EndGlobalSection
	GlobalSection(SolutionProperties) = preSolution
		HideSolutionNode = FALSE
	EndGlobalSection
	GlobalSection(ExtensibilityGlobals) = postSolution
		SolutionGuid = {A2FB1FB3-6F89-4F37-974B-2F1A8ED877EE}
	EndGlobalSection
EndGlobal
